// !$*UTF8*$!
{
	archiveVersion = 1;
	classes = {
	};
	objectVersion = 46;
	objects = {

/* Begin PBXBuildFile section */
		4D035CE71CA3E7340086938F /* OpenGL.framework in Frameworks */ = {isa = PBXBuildFile; fileRef = 4D035CE61CA3E7340086938F /* OpenGL.framework */; };
		4D035CE91CA3E7410086938F /* GLUT.framework in Frameworks */ = {isa = PBXBuildFile; fileRef = 4D035CE81CA3E7410086938F /* GLUT.framework */; };
		4DE4FD551CAE622E00517EC4 /* main.c in Sources */ = {isa = PBXBuildFile; fileRef = 4DE4FD541CAE622E00517EC4 /* main.c */; };
/* End PBXBuildFile section */

/* Begin PBXCopyFilesBuildPhase section */
		4D035CDA1CA3E71C0086938F /* CopyFiles */ = {
			isa = PBXCopyFilesBuildPhase;
			buildActionMask = 2147483647;
			dstPath = /usr/share/man/man1/;
			dstSubfolderSpec = 0;
			files = (
			);
			runOnlyForDeploymentPostprocessing = 1;
		};
/* End PBXCopyFilesBuildPhase section */

/* Begin PBXFileReference section */
		4D035CDC1CA3E71C0086938F /* STENCIL */ = {isa = PBXFileReference; explicitFileType = "compiled.mach-o.executable"; includeInIndex = 0; path = STENCIL; sourceTree = BUILT_PRODUCTS_DIR; };
		4D035CE61CA3E7340086938F /* OpenGL.framework */ = {isa = PBXFileReference; lastKnownFileType = wrapper.framework; name = OpenGL.framework; path = System/Library/Frameworks/OpenGL.framework; sourceTree = SDKROOT; };
		4D035CE81CA3E7410086938F /* GLUT.framework */ = {isa = PBXFileReference; lastKnownFileType = wrapper.framework; name = GLUT.framework; path = System/Library/Frameworks/GLUT.framework; sourceTree = SDKROOT; };
		4DE4FD541CAE622E00517EC4 /* main.c */ = {isa = PBXFileReference; fileEncoding = 4; lastKnownFileType = sourcecode.c.c; path = main.c; sourceTree = "<group>"; };
/* End PBXFileReference section */

/* Begin PBXFrameworksBuildPhase section */
		4D035CD91CA3E71C0086938F /* Frameworks */ = {
			isa = PBXFrameworksBuildPhase;
			buildActionMask = 2147483647;
			files = (
				4D035CE91CA3E7410086938F /* GLUT.framework in Frameworks */,
				4D035CE71CA3E7340086938F /* OpenGL.framework in Frameworks */,
			);
			runOnlyForDeploymentPostprocessing = 0;
		};
/* End PBXFrameworksBuildPhase section */

/* Begin PBXGroup section */
		4D035CD31CA3E71C0086938F = {
			isa = PBXGroup;
			children = (
				4D035CE81CA3E7410086938F /* GLUT.framework */,
				4D035CE61CA3E7340086938F /* OpenGL.framework */,
				4DE4FD531CAE622E00517EC4 /* STENCIL */,
				4D035CDD1CA3E71C0086938F /* Products */,
			);
			sourceTree = "<group>";
		};
		4D035CDD1CA3E71C0086938F /* Products */ = {
			isa = PBXGroup;
			children = (
				4D035CDC1CA3E71C0086938F /* STENCIL */,
			);
			name = Products;
			sourceTree = "<group>";
		};
		4DE4FD531CAE622E00517EC4 /* STENCIL */ = {
			isa = PBXGroup;
			children = (
				4DE4FD541CAE622E00517EC4 /* main.c */,
			);
			path = STENCIL;
			sourceTree = "<group>";
		};
/* End PBXGroup section */

/* Begin PBXNativeTarget section */
		4D035CDB1CA3E71C0086938F /* STENCIL */ = {
			isa = PBXNativeTarget;
			buildConfigurationList = 4D035CE31CA3E71C0086938F /* Build configuration list for PBXNativeTarget "STENCIL" */;
			buildPhases = (
				4D035CD81CA3E71C0086938F /* Sources */,
				4D035CD91CA3E71C0086938F /* Frameworks */,
				4D035CDA1CA3E71C0086938F /* CopyFiles */,
			);
			buildRules = (
			);
			dependencies = (
			);
			name = STENCIL;
			productName = Bounce;
			productReference = 4D035CDC1CA3E71C0086938F /* STENCIL */;
			productType = "com.apple.product-type.tool";
		};
/* End PBXNativeTarget section */

/* Begin PBXProject section */
		4D035CD41CA3E71C0086938F /* Project object */ = {
			isa = PBXProject;
			attributes = {
				LastUpgradeCheck = 0720;
				ORGANIZATIONNAME = "Wecan Studio";
				TargetAttributes = {
					4D035CDB1CA3E71C0086938F = {
						CreatedOnToolsVersion = 7.2.1;
					};
				};
			};
			buildConfigurationList = 4D035CD71CA3E71C0086938F /* Build configuration list for PBXProject "STENCIL" */;
			compatibilityVersion = "Xcode 3.2";
			developmentRegion = English;
			hasScannedForEncodings = 0;
			knownRegions = (
				en,
			);
			mainGroup = 4D035CD31CA3E71C0086938F;
			productRefGroup = 4D035CDD1CA3E71C0086938F /* Products */;
			projectDirPath = "";
			projectRoot = "";
			targets = (
				4D035CDB1CA3E71C0086938F /* STENCIL */,
			);
		};
/* End PBXProject section */

/* Begin PBXSourcesBuildPhase section */
		4D035CD81CA3E71C0086938F /* Sources */ = {
			isa = PBXSourcesBuildPhase;
			buildActionMask = 2147483647;
			files = (
				4DE4FD551CAE622E00517EC4 /* main.c in Sources */,
			);
			runOnlyForDeploymentPostprocessing = 0;
		};
/* End PBXSourcesBuildPhase section */

/* Begin XCBuildConfiguration section */
		4D035CE11CA3E71C0086938F /* Debug */ = {
			isa = XCBuildConfiguration;
			buildSettings = {
				ALWAYS_SEARCH_USER_PATHS = NO;
				CLANG_CXX_LANGUAGE_STANDARD = "gnu++0x";
				CLANG_CXX_LIBRARY = "libc++";
				CLANG_ENABLE_MODULES = YES;
				CLANG_ENABLE_OBJC_ARC = YES;
				CLANG_WARN_BOOL_CONVERSION = YES;
				CLANG_WARN_CONSTANT_CONVERSION = YES;
				CLANG_WARN_DIRECT_OBJC_ISA_USAGE = YES_ERROR;
				CLANG_WARN_EMPTY_BODY = YES;
				CLANG_WARN_ENUM_CONVERSION = YES;
				CLANG_WARN_INT_CONVERSION = YES;
				CLANG_WARN_OBJC_ROOT_CLASS = YES_ERROR;
				CLANG_WARN_UNREACHABLE_CODE = YES;
				CLANG_WARN__DUPLICATE_METHOD_MATCH = YES;
				CODE_SIGN_IDENTITY = "-";
				COPY_PHASE_STRIP = NO;
				DEBUG_INFORMATION_FORMAT = dwarf;
				ENABLE_STRICT_OBJC_MSGSEND = YES;
				ENABLE_TESTABILITY = YES;
				GCC_C_LANGUAGE_STANDARD = gnu99;
				GCC_DYNAMIC_NO_PIC = NO;
				GCC_NO_COMMON_BLOCKS = YES;
				GCC_OPTIMIZATION_LEVEL = 0;
				GCC_PREPROCESSOR_DEFINITIONS = (
					"DEBUG=1",
					"$(inherited)",
				);
				GCC_WARN_64_TO_32_BIT_CONVERSION = YES;
				GCC_WARN_ABOUT_RETURN_TYPE = YES_ERROR;
				GCC_WARN_UNDECLARED_SELECTOR = YES;
				GCC_WARN_UNINITIALIZED_AUTOS = YES_AGGRESSIVE;
				GCC_WARN_UNUSED_FUNCTION = YES;
				GCC_WARN_UNUSED_VARIABLE = YES;
				MACOSX_DEPLOYMENT_TARGET = 10.11;
				MTL_ENABLE_DEBUG_INFO = YES;
				ONLY_ACTIVE_ARCH = YES;
				SDKROOT = macosx;
			};
			name = Debug;
		};
		4D035CE21CA3E71C0086938F /* Release */ = {
			isa = XCBuildConfiguration;
			buildSettings = {
				ALWAYS_SEARCH_USER_PATHS = NO;
				CLANG_CXX_LANGUAGE_STANDARD = "gnu++0x";
				CLANG_CXX_LIBRARY = "libc++";
				CLANG_ENABLE_MODULES = YES;
				CLANG_ENABLE_OBJC_ARC = YES;
				CLANG_WARN_BOOL_CONVERSION = YES;
				CLANG_WARN_CONSTANT_CONVERSION = YES;
				CLANG_WARN_DIRECT_OBJC_ISA_USAGE = YES_ERROR;
				CLANG_WARN_EMPTY_BODY = YES;
				CLANG_WARN_ENUM_CONVERSION = YES;
				CLANG_WARN_INT_CONVERSION = YES;
				CLANG_WARN_OBJC_ROOT_CLASS = YES_ERROR;
				CLANG_WARN_UNREACHABLE_CODE = YES;
				CLANG_WARN__DUPLICATE_METHOD_MATCH = YES;
				CODE_SIGN_IDENTITY = "-";
				COPY_PHASE_STRIP = NO;
				DEBUG_INFORMATION_FORMAT = "dwarf-with-dsym";
				ENABLE_NS_ASSERTIONS = NO;
				ENABLE_STRICT_OBJC_MSGSEND = YES;
				GCC_C_LANGUAGE_STANDARD = gnu99;
				GCC_NO_COMMON_BLOCKS = YES;
				GCC_WARN_64_TO_32_BIT_CONVERSION = YES;
				GCC_WARN_ABOUT_RETURN_TYPE = YES_ERROR;
				GCC_WARN_UNDECLARED_SELECTOR = YES;
				GCC_WARN_UNINITIALIZED_AUTOS = YES_AGGRESSIVE;
				GCC_WARN_UNUSED_FUNCTION = YES;
				GCC_WARN_UNUSED_VARIABLE = YES;
				MACOSX_DEPLOYMENT_TARGET = 10.11;
				MTL_ENABLE_DEBUG_INFO = NO;
				SDKROOT = macosx;
			};
			name = Release;
		};
		4D035CE41CA3E71C0086938F /* Debug */ = {
			isa = XCBuildConfiguration;
			buildSettings = {
				PRODUCT_NAME = STENCIL;
			};
			name = Debug;
		};
		4D035CE51CA3E71C0086938F /* Release */ = {
			isa = XCBuildConfiguration;
			buildSettings = {
				PRODUCT_NAME = STENCIL;
			};
			name = Release;
		};
/* End XCBuildConfiguration section */

/* Begin XCConfigurationList section */
		4D035CD71CA3E71C0086938F /* Build configuration list for PBXProject "STENCIL" */ = {
			isa = XCConfigurationList;
			buildConfigurations = (
				4D035CE11CA3E71C0086938F /* Debug */,
				4D035CE21CA3E71C0086938F /* Release */,
			);
			defaultConfigurationIsVisible = 0;
			defaultConfigurationName = Release;
		};
		4D035CE31CA3E71C0086938F /* Build configuration list for PBXNativeTarget "STENCIL" */ = {
			isa = XCConfigurationList;
			buildConfigurations = (
				4D035CE41CA3E71C0086938F /* Debug */,
				4D035CE51CA3E71C0086938F /* Release */,
			);
			defaultConfigurationIsVisible = 0;
			defaultConfigurationName = Release;
		};
/* End XCConfigurationList section */
	};
	rootObject = 4D035CD41CA3E71C0086938F /* Project object */;
}
